
Microsoft Visual Studio Solution File, Format Version 11.00
# Visual Studio 2010
Project("{FAE04EC0-301F-11D3-BF4B-00C04F79EFBC}") = "Assembly-CSharp-Editor", "Assembly-CSharp-Editor.csproj", "{ad7d8892-6892-927e-e60f-5577083cf69c}"
EndProject
Project("{FAE04EC0-301F-11D3-BF4B-00C04F79EFBC}") = "Assembly-CSharp", "Assembly-CSharp.csproj", "{bd952836-4ea1-03ad-5546-a5b2b1ef953d}"
EndProject
Global
	GlobalSection(SolutionConfigurationPlatforms) = preSolution
		Debug|Any CPU = Debug|Any CPU
	EndGlobalSection
	GlobalSection(ProjectConfigurationPlatforms) = postSolution
		{ad7d8892-6892-927e-e60f-5577083cf69c}.Debug|Any CPU.ActiveCfg = Debug|Any CPU
		{ad7d8892-6892-927e-e60f-5577083cf69c}.Debug|Any CPU.Build.0 = Debug|Any CPU
		{bd952836-4ea1-03ad-5546-a5b2b1ef953d}.Debug|Any CPU.ActiveCfg = Debug|Any CPU
		{bd952836-4ea1-03ad-5546-a5b2b1ef953d}.Debug|Any CPU.Build.0 = Debug|Any CPU
	EndGlobalSection
	GlobalSection(SolutionProperties) = preSolution
		HideSolutionNode = FALSE
	EndGlobalSection
EndGlobal
